
Microsoft Visual Studio Solution File, Format Version 12.00
# Visual Studio Version 16
VisualStudioVersion = 16.0.31410.357
MinimumVisualStudioVersion = 10.0.40219.1
Project("{8BC9CEB8-8B4A-11D0-8D11-00A0C91BC942}") = "Cpp", "Cpp\Cpp.vcxproj", "{B3CD8276-FE0D-4BAA-BA80-565ED7639440}"
EndProject
Global
	GlobalSection(SolutionConfigurationPlatforms) = preSolution
		Debug|x64 = Debug|x64
		Debug|x86 = Debug|x86
		Release|x64 = Release|x64
		Release|x86 = Release|x86
	EndGlobalSection
	GlobalSection(ProjectConfigurationPlatforms) = postSolution
		{B3CD8276-FE0D-4BAA-BA80-565ED7639440}.Debug|x64.ActiveCfg = Debug|x64
		{B3CD8276-FE0D-4BAA-BA80-565ED7639440}.Debug|x64.Build.0 = Debug|x64
		{B3CD8276-FE0D-4BAA-BA80-565ED7639440}.Debug|x86.ActiveCfg = Debug|Win32
		{B3CD8276-FE0D-4BAA-BA80-565ED7639440}.Debug|x86.Build.0 = Debug|Win32
		{B3CD8276-FE0D-4BAA-BA80-565ED7639440}.Release|x64.ActiveCfg = Release|x64
		{B3CD8276-FE0D-4BAA-BA80-565ED7639440}.Release|x64.Build.0 = Release|x64
		{B3CD8276-FE0D-4BAA-BA80-565ED7639440}.Release|x86.ActiveCfg = Release|Win32
		{B3CD8276-FE0D-4BAA-BA80-565ED7639440}.Release|x86.Build.0 = Release|Win32
	EndGlobalSection
	GlobalSection(SolutionProperties) = preSolution
		HideSolutionNode = FALSE
	EndGlobalSection
	GlobalSection(ExtensibilityGlobals) = postSolution
		SolutionGuid = {027F3AD2-6DAF-4EA4-8337-C808C77FBFBE}
	EndGlobalSection
EndGlobal
